
Microsoft Visual Studio Solution File, Format Version 12.00
# Visual Studio Version 17
VisualStudioVersion = 17.8.34309.116
MinimumVisualStudioVersion = 10.0.40219.1
Project("{FAE04EC0-301F-11D3-BF4B-00C04F79EFBC}") = "MGE_HEROES.Server", "MGE_HEROES.Server\MGE_HEROES.Server.csproj", "{B4566C04-DCEF-48CA-ADAC-ACB5E3399594}"
EndProject
Project("{FAE04EC0-301F-11D3-BF4B-00C04F79EFBC}") = "Mge_Heroes_ClassLibrary", "Mge_Heroes_ClassLibrary\Mge_Heroes_ClassLibrary.csproj", "{0209573B-F6EB-4489-9EBE-94F98899B6E5}"
EndProject
Global
	GlobalSection(SolutionConfigurationPlatforms) = preSolution
		Debug|Any CPU = Debug|Any CPU
		Release|Any CPU = Release|Any CPU
	EndGlobalSection
	GlobalSection(ProjectConfigurationPlatforms) = postSolution
		{B4566C04-DCEF-48CA-ADAC-ACB5E3399594}.Debug|Any CPU.ActiveCfg = Debug|Any CPU
		{B4566C04-DCEF-48CA-ADAC-ACB5E3399594}.Debug|Any CPU.Build.0 = Debug|Any CPU
		{B4566C04-DCEF-48CA-ADAC-ACB5E3399594}.Release|Any CPU.ActiveCfg = Release|Any CPU
		{B4566C04-DCEF-48CA-ADAC-ACB5E3399594}.Release|Any CPU.Build.0 = Release|Any CPU
		{0209573B-F6EB-4489-9EBE-94F98899B6E5}.Debug|Any CPU.ActiveCfg = Debug|Any CPU
		{0209573B-F6EB-4489-9EBE-94F98899B6E5}.Debug|Any CPU.Build.0 = Debug|Any CPU
		{0209573B-F6EB-4489-9EBE-94F98899B6E5}.Release|Any CPU.ActiveCfg = Release|Any CPU
		{0209573B-F6EB-4489-9EBE-94F98899B6E5}.Release|Any CPU.Build.0 = Release|Any CPU
	EndGlobalSection
	GlobalSection(SolutionProperties) = preSolution
		HideSolutionNode = FALSE
	EndGlobalSection
	GlobalSection(ExtensibilityGlobals) = postSolution
		SolutionGuid = {14684DC1-B2D3-4D94-A618-0CDDC949C21B}
	EndGlobalSection
EndGlobal
